
Microsoft Visual Studio Solution File, Format Version 11.00
# Visual Basic Express 2010
Project("{F184B08F-C81C-45F6-A57F-5ABD9991F28F}") = "Tic Tac Toe", "Tic Tac Toe.vbproj", "{3B6C9060-5987-4264-BF46-AD61ADC5A385}"
EndProject
Global
	GlobalSection(SolutionConfigurationPlatforms) = preSolution
		Debug|Any CPU = Debug|Any CPU
		Release|Any CPU = Release|Any CPU
	EndGlobalSection
	GlobalSection(ProjectConfigurationPlatforms) = postSolution
		{3B6C9060-5987-4264-BF46-AD61ADC5A385}.Debug|Any CPU.ActiveCfg = Debug|Any CPU
		{3B6C9060-5987-4264-BF46-AD61ADC5A385}.Debug|Any CPU.Build.0 = Debug|Any CPU
		{3B6C9060-5987-4264-BF46-AD61ADC5A385}.Release|Any CPU.ActiveCfg = Release|Any CPU
		{3B6C9060-5987-4264-BF46-AD61ADC5A385}.Release|Any CPU.Build.0 = Release|Any CPU
	EndGlobalSection
	GlobalSection(SolutionProperties) = preSolution
		HideSolutionNode = FALSE
	EndGlobalSection
EndGlobal
